{
  "nodes": {
    "nixpkgs": {
      "locked": {
        "lastModified": 1750346629,
        "narHash": "sha256-aURSncZbny8kXlMj+4TQDoQxNwi3ZqRGmoW88b5G55I=",
        "owner": "NixOS",
        "repo": "nixpkgs",
        "rev": "541499551bc2c2be9cd98bd0c0a75f0a978f1144",
        "type": "github"
      },
      "original": {
        "owner": "NixOS",
        "ref": "release-25.05",
        "repo": "nixpkgs",
        "type": "github"
      }
    },
    "root": {
      "inputs": {
        "nixpkgs": "nixpkgs"
      }
    }
  },
  "root": "root",
  "version": 7
}
