{
  "nodes": {
    "nixpkgs": {
      "locked": {
        "lastModified": 1741623914,
        "narHash": "sha256-NrKnjbRo5QTHSjwZYw+t4et8Ed5a9raISuWN9ytigIs=",
        "owner": "NixOS",
        "repo": "nixpkgs",
        "rev": "32dbacf8bec03cb06ac5e604181686afe42211ff",
        "type": "github"
      },
      "original": {
        "owner": "NixOS",
        "ref": "release-24.11",
        "repo": "nixpkgs",
        "type": "github"
      }
    },
    "root": {
      "inputs": {
        "nixpkgs": "nixpkgs"
      }
    }
  },
  "root": "root",
  "version": 7
}
